// !$*UTF8*$!
{
	archiveVersion = 1;
	classes = {
	};
	objectVersion = 48;
	objects = {

/* Begin PBXBuildFile section */
		1DA84400202AF8EE0014AD40 /* AppDelegate.swift in Sources */ = {isa = PBXBuildFile; fileRef = 1DA843FF202AF8EE0014AD40 /* AppDelegate.swift */; };
		1DA84402202AF8EE0014AD40 /* ViewController.swift in Sources */ = {isa = PBXBuildFile; fileRef = 1DA84401202AF8EE0014AD40 /* ViewController.swift */; };
		1DA84407202AF8EE0014AD40 /* Assets.xcassets in Resources */ = {isa = PBXBuildFile; fileRef = 1DA84406202AF8EE0014AD40 /* Assets.xcassets */; };
		1DA8440A202AF8EE0014AD40 /* LaunchScreen.storyboard in Resources */ = {isa = PBXBuildFile; fileRef = 1DA84408202AF8EE0014AD40 /* LaunchScreen.storyboard */; };
		1DA84413202AF92B0014AD40 /* KLayout.swift in Sources */ = {isa = PBXBuildFile; fileRef = 1DA84412202AF92B0014AD40 /* KLayout.swift */; };
/* End PBXBuildFile section */

/* Begin PBXFileReference section */
		1DA843FC202AF8EE0014AD40 /* RKLayoutLibrary.app */ = {isa = PBXFileReference; explicitFileType = wrapper.application; includeInIndex = 0; path = RKLayoutLibrary.app; sourceTree = BUILT_PRODUCTS_DIR; };
		1DA843FF202AF8EE0014AD40 /* AppDelegate.swift */ = {isa = PBXFileReference; lastKnownFileType = sourcecode.swift; path = AppDelegate.swift; sourceTree = "<group>"; };
		1DA84401202AF8EE0014AD40 /* ViewController.swift */ = {isa = PBXFileReference; lastKnownFileType = sourcecode.swift; path = ViewController.swift; sourceTree = "<group>"; };
		1DA84406202AF8EE0014AD40 /* Assets.xcassets */ = {isa = PBXFileReference; lastKnownFileType = folder.assetcatalog; path = Assets.xcassets; sourceTree = "<group>"; };
		1DA84409202AF8EE0014AD40 /* Base */ = {isa = PBXFileReference; lastKnownFileType = file.storyboard; name = Base; path = Base.lproj/LaunchScreen.storyboard; sourceTree = "<group>"; };
		1DA8440B202AF8EE0014AD40 /* Info.plist */ = {isa = PBXFileReference; lastKnownFileType = text.plist.xml; path = Info.plist; sourceTree = "<group>"; };
		1DA84412202AF92B0014AD40 /* KLayout.swift */ = {isa = PBXFileReference; fileEncoding = 4; lastKnownFileType = sourcecode.swift; path = KLayout.swift; sourceTree = "<group>"; };
/* End PBXFileReference section */

/* Begin PBXFrameworksBuildPhase section */
		1DA843F9202AF8EE0014AD40 /* Frameworks */ = {
			isa = PBXFrameworksBuildPhase;
			buildActionMask = 2147483647;
			files = (
			);
			runOnlyForDeploymentPostprocessing = 0;
		};
/* End PBXFrameworksBuildPhase section */

/* Begin PBXGroup section */
		1DA843F3202AF8EE0014AD40 = {
			isa = PBXGroup;
			children = (
				1DA843FE202AF8EE0014AD40 /* RKLayoutLibrary */,
				1DA843FD202AF8EE0014AD40 /* Products */,
			);
			sourceTree = "<group>";
		};
		1DA843FD202AF8EE0014AD40 /* Products */ = {
			isa = PBXGroup;
			children = (
				1DA843FC202AF8EE0014AD40 /* RKLayoutLibrary.app */,
			);
			name = Products;
			sourceTree = "<group>";
		};
		1DA843FE202AF8EE0014AD40 /* RKLayoutLibrary */ = {
			isa = PBXGroup;
			children = (
				1DA84411202AF90C0014AD40 /* Source */,
				1DA843FF202AF8EE0014AD40 /* AppDelegate.swift */,
				1DA84401202AF8EE0014AD40 /* ViewController.swift */,
				1DA84406202AF8EE0014AD40 /* Assets.xcassets */,
				1DA84408202AF8EE0014AD40 /* LaunchScreen.storyboard */,
				1DA8440B202AF8EE0014AD40 /* Info.plist */,
			);
			path = RKLayoutLibrary;
			sourceTree = "<group>";
		};
		1DA84411202AF90C0014AD40 /* Source */ = {
			isa = PBXGroup;
			children = (
				1DA84412202AF92B0014AD40 /* KLayout.swift */,
			);
			path = Source;
			sourceTree = "<group>";
		};
/* End PBXGroup section */

/* Begin PBXNativeTarget section */
		1DA843FB202AF8EE0014AD40 /* RKLayoutLibrary */ = {
			isa = PBXNativeTarget;
			buildConfigurationList = 1DA8440E202AF8EE0014AD40 /* Build configuration list for PBXNativeTarget "RKLayoutLibrary" */;
			buildPhases = (
				1DA843F8202AF8EE0014AD40 /* Sources */,
				1DA843F9202AF8EE0014AD40 /* Frameworks */,
				1DA843FA202AF8EE0014AD40 /* Resources */,
			);
			buildRules = (
			);
			dependencies = (
			);
			name = RKLayoutLibrary;
			productName = RKLayoutLibrary;
			productReference = 1DA843FC202AF8EE0014AD40 /* RKLayoutLibrary.app */;
			productType = "com.apple.product-type.application";
		};
/* End PBXNativeTarget section */

/* Begin PBXProject section */
		1DA843F4202AF8EE0014AD40 /* Project object */ = {
			isa = PBXProject;
			attributes = {
				LastSwiftUpdateCheck = 0910;
				LastUpgradeCheck = 0910;
				ORGANIZATIONNAME = RickKe;
				TargetAttributes = {
					1DA843FB202AF8EE0014AD40 = {
						CreatedOnToolsVersion = 9.1;
						ProvisioningStyle = Manual;
					};
				};
			};
			buildConfigurationList = 1DA843F7202AF8EE0014AD40 /* Build configuration list for PBXProject "RKLayoutLibrary" */;
			compatibilityVersion = "Xcode 8.0";
			developmentRegion = en;
			hasScannedForEncodings = 0;
			knownRegions = (
				en,
				Base,
			);
			mainGroup = 1DA843F3202AF8EE0014AD40;
			productRefGroup = 1DA843FD202AF8EE0014AD40 /* Products */;
			projectDirPath = "";
			projectRoot = "";
			targets = (
				1DA843FB202AF8EE0014AD40 /* RKLayoutLibrary */,
			);
		};
/* End PBXProject section */

/* Begin PBXResourcesBuildPhase section */
		1DA843FA202AF8EE0014AD40 /* Resources */ = {
			isa = PBXResourcesBuildPhase;
			buildActionMask = 2147483647;
			files = (
				1DA8440A202AF8EE0014AD40 /* LaunchScreen.storyboard in Resources */,
				1DA84407202AF8EE0014AD40 /* Assets.xcassets in Resources */,
			);
			runOnlyForDeploymentPostprocessing = 0;
		};
/* End PBXResourcesBuildPhase section */

/* Begin PBXSourcesBuildPhase section */
		1DA843F8202AF8EE0014AD40 /* Sources */ = {
			isa = PBXSourcesBuildPhase;
			buildActionMask = 2147483647;
			files = (
				1DA84413202AF92B0014AD40 /* KLayout.swift in Sources */,
				1DA84402202AF8EE0014AD40 /* ViewController.swift in Sources */,
				1DA84400202AF8EE0014AD40 /* AppDelegate.swift in Sources */,
			);
			runOnlyForDeploymentPostprocessing = 0;
		};
/* End PBXSourcesBuildPhase section */

/* Begin PBXVariantGroup section */
		1DA84408202AF8EE0014AD40 /* LaunchScreen.storyboard */ = {
			isa = PBXVariantGroup;
			children = (
				1DA84409202AF8EE0014AD40 /* Base */,
			);
			name = LaunchScreen.storyboard;
			sourceTree = "<group>";
		};
/* End PBXVariantGroup section */

/* Begin XCBuildConfiguration section */
		1DA8440C202AF8EE0014AD40 /* Debug */ = {
			isa = XCBuildConfiguration;
			buildSettings = {
				ALWAYS_SEARCH_USER_PATHS = NO;
				CLANG_ANALYZER_NONNULL = YES;
				CLANG_ANALYZER_NUMBER_OBJECT_CONVERSION = YES_AGGRESSIVE;
				CLANG_CXX_LANGUAGE_STANDARD = "gnu++14";
				CLANG_CXX_LIBRARY = "libc++";
				CLANG_ENABLE_MODULES = YES;
				CLANG_ENABLE_OBJC_ARC = YES;
				CLANG_WARN_BLOCK_CAPTURE_AUTORELEASING = YES;
				CLANG_WARN_BOOL_CONVERSION = YES;
				CLANG_WARN_COMMA = YES;
				CLANG_WARN_CONSTANT_CONVERSION = YES;
				CLANG_WARN_DIRECT_OBJC_ISA_USAGE = YES_ERROR;
				CLANG_WARN_DOCUMENTATION_COMMENTS = YES;
				CLANG_WARN_EMPTY_BODY = YES;
				CLANG_WARN_ENUM_CONVERSION = YES;
				CLANG_WARN_INFINITE_RECURSION = YES;
				CLANG_WARN_INT_CONVERSION = YES;
				CLANG_WARN_NON_LITERAL_NULL_CONVERSION = YES;
				CLANG_WARN_OBJC_LITERAL_CONVERSION = YES;
				CLANG_WARN_OBJC_ROOT_CLASS = YES_ERROR;
				CLANG_WARN_RANGE_LOOP_ANALYSIS = YES;
				CLANG_WARN_STRICT_PROTOTYPES = YES;
				CLANG_WARN_SUSPICIOUS_MOVE = YES;
				CLANG_WARN_UNGUARDED_AVAILABILITY = YES_AGGRESSIVE;
				CLANG_WARN_UNREACHABLE_CODE = YES;
				CLANG_WARN__DUPLICATE_METHOD_MATCH = YES;
				CODE_SIGN_IDENTITY = "iPhone Developer";
				COPY_PHASE_STRIP = NO;
				DEBUG_INFORMATION_FORMAT = dwarf;
				ENABLE_STRICT_OBJC_MSGSEND = YES;
				ENABLE_TESTABILITY = YES;
				GCC_C_LANGUAGE_STANDARD = gnu11;
				GCC_DYNAMIC_NO_PIC = NO;
				GCC_NO_COMMON_BLOCKS = YES;
				GCC_OPTIMIZATION_LEVEL = 0;
				GCC_PREPROCESSOR_DEFINITIONS = (
					"DEBUG=1",
					"$(inherited)",
				);
				GCC_WARN_64_TO_32_BIT_CONVERSION = YES;
				GCC_WARN_ABOUT_RETURN_TYPE = YES_ERROR;
				GCC_WARN_UNDECLARED_SELECTOR = YES;
				GCC_WARN_UNINITIALIZED_AUTOS = YES_AGGRESSIVE;
				GCC_WARN_UNUSED_FUNCTION = YES;
				GCC_WARN_UNUSED_VARIABLE = YES;
				IPHONEOS_DEPLOYMENT_TARGET = 8.0;
				MTL_ENABLE_DEBUG_INFO = YES;
				ONLY_ACTIVE_ARCH = YES;
				SDKROOT = iphoneos;
				SWIFT_ACTIVE_COMPILATION_CONDITIONS = DEBUG;
				SWIFT_OPTIMIZATION_LEVEL = "-Onone";
			};
			name = Debug;
		};
		1DA8440D202AF8EE0014AD40 /* Release */ = {
			isa = XCBuildConfiguration;
			buildSettings = {
				ALWAYS_SEARCH_USER_PATHS = NO;
				CLANG_ANALYZER_NONNULL = YES;
				CLANG_ANALYZER_NUMBER_OBJECT_CONVERSION = YES_AGGRESSIVE;
				CLANG_CXX_LANGUAGE_STANDARD = "gnu++14";
				CLANG_CXX_LIBRARY = "libc++";
				CLANG_ENABLE_MODULES = YES;
				CLANG_ENABLE_OBJC_ARC = YES;
				CLANG_WARN_BLOCK_CAPTURE_AUTORELEASING = YES;
				CLANG_WARN_BOOL_CONVERSION = YES;
				CLANG_WARN_COMMA = YES;
				CLANG_WARN_CONSTANT_CONVERSION = YES;
				CLANG_WARN_DIRECT_OBJC_ISA_USAGE = YES_ERROR;
				CLANG_WARN_DOCUMENTATION_COMMENTS = YES;
				CLANG_WARN_EMPTY_BODY = YES;
				CLANG_WARN_ENUM_CONVERSION = YES;
				CLANG_WARN_INFINITE_RECURSION = YES;
				CLANG_WARN_INT_CONVERSION = YES;
				CLANG_WARN_NON_LITERAL_NULL_CONVERSION = YES;
				CLANG_WARN_OBJC_LITERAL_CONVERSION = YES;
				CLANG_WARN_OBJC_ROOT_CLASS = YES_ERROR;
				CLANG_WARN_RANGE_LOOP_ANALYSIS = YES;
				CLANG_WARN_STRICT_PROTOTYPES = YES;
				CLANG_WARN_SUSPICIOUS_MOVE = YES;
				CLANG_WARN_UNGUARDED_AVAILABILITY = YES_AGGRESSIVE;
				CLANG_WARN_UNREACHABLE_CODE = YES;
				CLANG_WARN__DUPLICATE_METHOD_MATCH = YES;
				CODE_SIGN_IDENTITY = "iPhone Developer";
				COPY_PHASE_STRIP = NO;
				DEBUG_INFORMATION_FORMAT = "dwarf-with-dsym";
				ENABLE_NS_ASSERTIONS = NO;
				ENABLE_STRICT_OBJC_MSGSEND = YES;
				GCC_C_LANGUAGE_STANDARD = gnu11;
				GCC_NO_COMMON_BLOCKS = YES;
				GCC_WARN_64_TO_32_BIT_CONVERSION = YES;
				GCC_WARN_ABOUT_RETURN_TYPE = YES_ERROR;
				GCC_WARN_UNDECLARED_SELECTOR = YES;
				GCC_WARN_UNINITIALIZED_AUTOS = YES_AGGRESSIVE;
				GCC_WARN_UNUSED_FUNCTION = YES;
				GCC_WARN_UNUSED_VARIABLE = YES;
				IPHONEOS_DEPLOYMENT_TARGET = 8.0;
				MTL_ENABLE_DEBUG_INFO = NO;
				SDKROOT = iphoneos;
				SWIFT_OPTIMIZATION_LEVEL = "-Owholemodule";
				VALIDATE_PRODUCT = YES;
			};
			name = Release;
		};
		1DA8440F202AF8EE0014AD40 /* Debug */ = {
			isa = XCBuildConfiguration;
			buildSettings = {
				ASSETCATALOG_COMPILER_APPICON_NAME = AppIcon;
				CODE_SIGN_STYLE = Manual;
				DEVELOPMENT_TEAM = T66KRPH9AR;
				INFOPLIST_FILE = RKLayoutLibrary/Info.plist;
				IPHONEOS_DEPLOYMENT_TARGET = 8.0;
				LD_RUNPATH_SEARCH_PATHS = "$(inherited) @executable_path/Frameworks";
				PRODUCT_BUNDLE_IDENTIFIER = tw.udt.RKLayoutLibrary;
				PRODUCT_NAME = "$(TARGET_NAME)";
				PROVISIONING_PROFILE = "5dba6031-b145-41db-a4fb-cd62be6feee3";
				PROVISIONING_PROFILE_SPECIFIER = dev_tw.udt.all;
				SWIFT_VERSION = 3.0;
				TARGETED_DEVICE_FAMILY = "1,2";
			};
			name = Debug;
		};
		1DA84410202AF8EE0014AD40 /* Release */ = {
			isa = XCBuildConfiguration;
			buildSettings = {
				ASSETCATALOG_COMPILER_APPICON_NAME = AppIcon;
				CODE_SIGN_STYLE = Manual;
				DEVELOPMENT_TEAM = T66KRPH9AR;
				INFOPLIST_FILE = RKLayoutLibrary/Info.plist;
				IPHONEOS_DEPLOYMENT_TARGET = 8.0;
				LD_RUNPATH_SEARCH_PATHS = "$(inherited) @executable_path/Frameworks";
				PRODUCT_BUNDLE_IDENTIFIER = tw.udt.RKLayoutLibrary;
				PRODUCT_NAME = "$(TARGET_NAME)";
				PROVISIONING_PROFILE = "5dba6031-b145-41db-a4fb-cd62be6feee3";
				PROVISIONING_PROFILE_SPECIFIER = dev_tw.udt.all;
				SWIFT_VERSION = 3.0;
				TARGETED_DEVICE_FAMILY = "1,2";
			};
			name = Release;
		};
/* End XCBuildConfiguration section */

/* Begin XCConfigurationList section */
		1DA843F7202AF8EE0014AD40 /* Build configuration list for PBXProject "RKLayoutLibrary" */ = {
			isa = XCConfigurationList;
			buildConfigurations = (
				1DA8440C202AF8EE0014AD40 /* Debug */,
				1DA8440D202AF8EE0014AD40 /* Release */,
			);
			defaultConfigurationIsVisible = 0;
			defaultConfigurationName = Release;
		};
		1DA8440E202AF8EE0014AD40 /* Build configuration list for PBXNativeTarget "RKLayoutLibrary" */ = {
			isa = XCConfigurationList;
			buildConfigurations = (
				1DA8440F202AF8EE0014AD40 /* Debug */,
				1DA84410202AF8EE0014AD40 /* Release */,
			);
			defaultConfigurationIsVisible = 0;
			defaultConfigurationName = Release;
		};
/* End XCConfigurationList section */
	};
	rootObject = 1DA843F4202AF8EE0014AD40 /* Project object */;
}
